
Microsoft Visual Studio Solution File, Format Version 12.00
# Visual Studio Version 16
VisualStudioVersion = 16.0.31410.357
MinimumVisualStudioVersion = 10.0.40219.1
Project("{9A19103F-16F7-4668-BE54-9A1E7A4F7556}") = "YCC.WebApp", "YCC.WebApp\YCC.WebApp.csproj", "{8FD9D7C9-BE85-4193-A74B-58B72D397A4C}"
EndProject
Project("{9A19103F-16F7-4668-BE54-9A1E7A4F7556}") = "YCC.Data", "YCC.Data\YCC.Data.csproj", "{2F3A72DD-C2DE-41A8-823E-F1E82EA1F6C7}"
EndProject
Project("{9A19103F-16F7-4668-BE54-9A1E7A4F7556}") = "YCC.Application", "YCC.Application\YCC.Application.csproj", "{F10E783B-446E-4389-A66E-BB5EC6EDC29D}"
EndProject
Project("{9A19103F-16F7-4668-BE54-9A1E7A4F7556}") = "YCC.Utilities", "YCC.Utilities\YCC.Utilities.csproj", "{660397C2-20CB-42A8-A5C4-05C0C4405EB4}"
EndProject
Project("{9A19103F-16F7-4668-BE54-9A1E7A4F7556}") = "YCC.ViewModels", "YCC.ViewModels\YCC.ViewModels.csproj", "{838A9C81-A73F-4B84-BFFA-083999D32547}"
EndProject
Project("{9A19103F-16F7-4668-BE54-9A1E7A4F7556}") = "YCC.BackendApi", "YCC.BackendApi\YCC.BackendApi.csproj", "{D4877940-1786-43D7-AE4F-2A1129758BCB}"
EndProject
Project("{9A19103F-16F7-4668-BE54-9A1E7A4F7556}") = "YCC.AdminApp", "YCC.AdminApp\YCC.AdminApp.csproj", "{DBC9FEEE-914D-45C2-9358-510F79A45254}"
EndProject
Project("{2150E333-8FDC-42A3-9474-1A3956D46DE8}") = "Hosts", "Hosts", "{518781F3-9D69-4878-BA75-440E2B34FC84}"
EndProject
Project("{9A19103F-16F7-4668-BE54-9A1E7A4F7556}") = "YCC.ApiIntegration", "YCC.ApiIntegration\YCC.ApiIntegration.csproj", "{3DB11279-7425-431B-BF0D-D44E133FF063}"
EndProject
Global
	GlobalSection(SolutionConfigurationPlatforms) = preSolution
		Debug|Any CPU = Debug|Any CPU
		Release|Any CPU = Release|Any CPU
	EndGlobalSection
	GlobalSection(ProjectConfigurationPlatforms) = postSolution
		{8FD9D7C9-BE85-4193-A74B-58B72D397A4C}.Debug|Any CPU.ActiveCfg = Debug|Any CPU
		{8FD9D7C9-BE85-4193-A74B-58B72D397A4C}.Debug|Any CPU.Build.0 = Debug|Any CPU
		{8FD9D7C9-BE85-4193-A74B-58B72D397A4C}.Release|Any CPU.ActiveCfg = Release|Any CPU
		{8FD9D7C9-BE85-4193-A74B-58B72D397A4C}.Release|Any CPU.Build.0 = Release|Any CPU
		{2F3A72DD-C2DE-41A8-823E-F1E82EA1F6C7}.Debug|Any CPU.ActiveCfg = Debug|Any CPU
		{2F3A72DD-C2DE-41A8-823E-F1E82EA1F6C7}.Debug|Any CPU.Build.0 = Debug|Any CPU
		{2F3A72DD-C2DE-41A8-823E-F1E82EA1F6C7}.Release|Any CPU.ActiveCfg = Release|Any CPU
		{2F3A72DD-C2DE-41A8-823E-F1E82EA1F6C7}.Release|Any CPU.Build.0 = Release|Any CPU
		{F10E783B-446E-4389-A66E-BB5EC6EDC29D}.Debug|Any CPU.ActiveCfg = Debug|Any CPU
		{F10E783B-446E-4389-A66E-BB5EC6EDC29D}.Debug|Any CPU.Build.0 = Debug|Any CPU
		{F10E783B-446E-4389-A66E-BB5EC6EDC29D}.Release|Any CPU.ActiveCfg = Release|Any CPU
		{F10E783B-446E-4389-A66E-BB5EC6EDC29D}.Release|Any CPU.Build.0 = Release|Any CPU
		{660397C2-20CB-42A8-A5C4-05C0C4405EB4}.Debug|Any CPU.ActiveCfg = Debug|Any CPU
		{660397C2-20CB-42A8-A5C4-05C0C4405EB4}.Debug|Any CPU.Build.0 = Debug|Any CPU
		{660397C2-20CB-42A8-A5C4-05C0C4405EB4}.Release|Any CPU.ActiveCfg = Release|Any CPU
		{660397C2-20CB-42A8-A5C4-05C0C4405EB4}.Release|Any CPU.Build.0 = Release|Any CPU
		{838A9C81-A73F-4B84-BFFA-083999D32547}.Debug|Any CPU.ActiveCfg = Debug|Any CPU
		{838A9C81-A73F-4B84-BFFA-083999D32547}.Debug|Any CPU.Build.0 = Debug|Any CPU
		{838A9C81-A73F-4B84-BFFA-083999D32547}.Release|Any CPU.ActiveCfg = Release|Any CPU
		{838A9C81-A73F-4B84-BFFA-083999D32547}.Release|Any CPU.Build.0 = Release|Any CPU
		{D4877940-1786-43D7-AE4F-2A1129758BCB}.Debug|Any CPU.ActiveCfg = Debug|Any CPU
		{D4877940-1786-43D7-AE4F-2A1129758BCB}.Debug|Any CPU.Build.0 = Debug|Any CPU
		{D4877940-1786-43D7-AE4F-2A1129758BCB}.Release|Any CPU.ActiveCfg = Release|Any CPU
		{D4877940-1786-43D7-AE4F-2A1129758BCB}.Release|Any CPU.Build.0 = Release|Any CPU
		{DBC9FEEE-914D-45C2-9358-510F79A45254}.Debug|Any CPU.ActiveCfg = Debug|Any CPU
		{DBC9FEEE-914D-45C2-9358-510F79A45254}.Debug|Any CPU.Build.0 = Debug|Any CPU
		{DBC9FEEE-914D-45C2-9358-510F79A45254}.Release|Any CPU.ActiveCfg = Release|Any CPU
		{DBC9FEEE-914D-45C2-9358-510F79A45254}.Release|Any CPU.Build.0 = Release|Any CPU
		{3DB11279-7425-431B-BF0D-D44E133FF063}.Debug|Any CPU.ActiveCfg = Debug|Any CPU
		{3DB11279-7425-431B-BF0D-D44E133FF063}.Debug|Any CPU.Build.0 = Debug|Any CPU
		{3DB11279-7425-431B-BF0D-D44E133FF063}.Release|Any CPU.ActiveCfg = Release|Any CPU
		{3DB11279-7425-431B-BF0D-D44E133FF063}.Release|Any CPU.Build.0 = Release|Any CPU
	EndGlobalSection
	GlobalSection(SolutionProperties) = preSolution
		HideSolutionNode = FALSE
	EndGlobalSection
	GlobalSection(NestedProjects) = preSolution
		{8FD9D7C9-BE85-4193-A74B-58B72D397A4C} = {518781F3-9D69-4878-BA75-440E2B34FC84}
		{D4877940-1786-43D7-AE4F-2A1129758BCB} = {518781F3-9D69-4878-BA75-440E2B34FC84}
		{DBC9FEEE-914D-45C2-9358-510F79A45254} = {518781F3-9D69-4878-BA75-440E2B34FC84}
		{3DB11279-7425-431B-BF0D-D44E133FF063} = {518781F3-9D69-4878-BA75-440E2B34FC84}
	EndGlobalSection
	GlobalSection(ExtensibilityGlobals) = postSolution
		SolutionGuid = {6A6906FF-C6B3-49D5-A41F-4E7BCC5514B8}
	EndGlobalSection
EndGlobal
